<?xml version='1.0' encoding='utf-8'?>
<Project xmlns="http://schemas.microsoft.com/developer/msbuild/2003" ToolsVersion="4.0">
  <ItemGroup>
    <Filter Include="Source Files">
      <UniqueIdentifier>{4FC737F1-C7A5-4376-A066-2A32D752A2FF}</UniqueIdentifier>
      <Extensions>cpp;c;cc;cxx;c++;cppm;ixx;def;odl;idl;hpj;bat;asm;asmx</Extensions>
    </Filter>
    <Filter Include="Header Files">
      <UniqueIdentifier>{93995380-89BD-4b04-88EB-625FBE52EBFB}</UniqueIdentifier>
      <Extensions>h;hh;hpp;hxx;h++;hm;inl;inc;ipp;xsd</Extensions>
    </Filter>
    <Filter Include="Resource Files">
      <UniqueIdentifier>{67DA6AB6-F800-4c08-8B7A-83BB121AAD01}</UniqueIdentifier>
      <Extensions>rc;ico;cur;bmp;dlg;rc2;rct;bin;rgs;gif;jpg;jpeg;jpe;resx;tiff;tif;png;wav;mfcribbon-ms</Extensions>
    </Filter>
    <Filter Include="Header Files\problems">
      <UniqueIdentifier>{a3a2d11f-92fc-45c2-b4eb-05ec38c59fd8}</UniqueIdentifier>
    </Filter>
    <Filter Include="Header Files\problems\days">
      <UniqueIdentifier>{ece3b382-c16d-42bb-8079-56c9367a02bf}</UniqueIdentifier>
    </Filter>
    <Filter Include="Source Files\problems">
      <UniqueIdentifier>{37c595a4-2de6-45d4-a054-0f9cb5b6832c}</UniqueIdentifier>
    </Filter>
    <Filter Include="Source Files\problems\days">
      <UniqueIdentifier>{f14b6f5b-faca-4835-adab-6b01463ada37}</UniqueIdentifier>
    </Filter>
  </ItemGroup>
  <ItemGroup>
    <ClCompile Include="main.cpp">
      <Filter>Source Files</Filter>
    </ClCompile>
    <ClCompile Include="problems\days\day_1.cpp">
      <Filter>Source Files\problems\days</Filter>
    </ClCompile>
  <ClCompile Include="problems\days\day_2.cpp">
		<Filter>Source Files\problems\days</Filter>
	</ClCompile>
	<ClCompile Include="problems\days\day_3.cpp">
		<Filter>Source Files\problems\days</Filter>
	</ClCompile>
	<ClCompile Include="problems\days\day_4.cpp">
		<Filter>Source Files\problems\days</Filter>
	</ClCompile>
	<ClCompile Include="problems\days\day_5.cpp">
		<Filter>Source Files\problems\days</Filter>
	</ClCompile>
	<ClCompile Include="problems\days\day_6.cpp">
		<Filter>Source Files\problems\days</Filter>
	</ClCompile>
	<ClCompile Include="problems\days\day_7.cpp">
		<Filter>Source Files\problems\days</Filter>
	</ClCompile>
	</ItemGroup>
  <ItemGroup>
    <ClInclude Include="problems\common_includes.h">
      <Filter>Header Files\problems</Filter>
    </ClInclude>
    <ClInclude Include="problems\problem.h">
      <Filter>Header Files\problems</Filter>
    </ClInclude>
    <ClInclude Include="problems\problems.h">
      <Filter>Header Files\problems</Filter>
    </ClInclude>
    <ClInclude Include="problems\days\day_1.h">
      <Filter>Header Files\problems\days</Filter>
    </ClInclude>
  <ClInclude Include="problems\days\day_2.h">
		<Filter>Header Files\problems\days</Filter>
	</ClInclude>
	<ClInclude Include="problems\days\day_3.h">
		<Filter>Header Files\problems\days</Filter>
	</ClInclude>
	<ClInclude Include="problems\days\day_4.h">
		<Filter>Header Files\problems\days</Filter>
	</ClInclude>
	<ClInclude Include="problems\days\day_5.h">
		<Filter>Header Files\problems\days</Filter>
	</ClInclude>
	<ClInclude Include="problems\days\day_6.h">
		<Filter>Header Files\problems\days</Filter>
	</ClInclude>
	<ClInclude Include="problems\days\day_7.h">
		<Filter>Header Files\problems\days</Filter>
	</ClInclude>
	</ItemGroup>
</Project>